// !$*UTF8*$!
{
	archiveVersion = 1;
	classes = {
	};
	objectVersion = 46;
	objects = {

/* Begin PBXBuildFile section */
		BFA10E0B1D056D8900D8158E /* MemeStruct.swift in Sources */ = {isa = PBXBuildFile; fileRef = BFA10E0A1D056D8900D8158E /* MemeStruct.swift */; };
		BFEA52B11D02FDF10057B4A9 /* AppDelegate.swift in Sources */ = {isa = PBXBuildFile; fileRef = BFEA52B01D02FDF10057B4A9 /* AppDelegate.swift */; };
		BFEA52B31D02FDF10057B4A9 /* ViewController.swift in Sources */ = {isa = PBXBuildFile; fileRef = BFEA52B21D02FDF10057B4A9 /* ViewController.swift */; };
		BFEA52B61D02FDF10057B4A9 /* Main.storyboard in Resources */ = {isa = PBXBuildFile; fileRef = BFEA52B41D02FDF10057B4A9 /* Main.storyboard */; };
		BFEA52B81D02FDF10057B4A9 /* Assets.xcassets in Resources */ = {isa = PBXBuildFile; fileRef = BFEA52B71D02FDF10057B4A9 /* Assets.xcassets */; };
		BFEA52BB1D02FDF10057B4A9 /* LaunchScreen.storyboard in Resources */ = {isa = PBXBuildFile; fileRef = BFEA52B91D02FDF10057B4A9 /* LaunchScreen.storyboard */; };
/* End PBXBuildFile section */

/* Begin PBXFileReference section */
		BFA10E0A1D056D8900D8158E /* MemeStruct.swift */ = {isa = PBXFileReference; fileEncoding = 4; lastKnownFileType = sourcecode.swift; path = MemeStruct.swift; sourceTree = "<group>"; };
		BFEA52AD1D02FDF10057B4A9 /* MemeEditor.app */ = {isa = PBXFileReference; explicitFileType = wrapper.application; includeInIndex = 0; path = MemeEditor.app; sourceTree = BUILT_PRODUCTS_DIR; };
		BFEA52B01D02FDF10057B4A9 /* AppDelegate.swift */ = {isa = PBXFileReference; lastKnownFileType = sourcecode.swift; path = AppDelegate.swift; sourceTree = "<group>"; };
		BFEA52B21D02FDF10057B4A9 /* ViewController.swift */ = {isa = PBXFileReference; lastKnownFileType = sourcecode.swift; path = ViewController.swift; sourceTree = "<group>"; };
		BFEA52B51D02FDF10057B4A9 /* Base */ = {isa = PBXFileReference; lastKnownFileType = file.storyboard; name = Base; path = Base.lproj/Main.storyboard; sourceTree = "<group>"; };
		BFEA52B71D02FDF10057B4A9 /* Assets.xcassets */ = {isa = PBXFileReference; lastKnownFileType = folder.assetcatalog; path = Assets.xcassets; sourceTree = "<group>"; };
		BFEA52BA1D02FDF10057B4A9 /* Base */ = {isa = PBXFileReference; lastKnownFileType = file.storyboard; name = Base; path = Base.lproj/LaunchScreen.storyboard; sourceTree = "<group>"; };
		BFEA52BC1D02FDF10057B4A9 /* Info.plist */ = {isa = PBXFileReference; lastKnownFileType = text.plist.xml; path = Info.plist; sourceTree = "<group>"; };
/* End PBXFileReference section */

/* Begin PBXFrameworksBuildPhase section */
		BFEA52AA1D02FDF10057B4A9 /* Frameworks */ = {
			isa = PBXFrameworksBuildPhase;
			buildActionMask = 2147483647;
			files = (
			);
			runOnlyForDeploymentPostprocessing = 0;
		};
/* End PBXFrameworksBuildPhase section */

/* Begin PBXGroup section */
		BFEA52A41D02FDF10057B4A9 = {
			isa = PBXGroup;
			children = (
				BFEA52AF1D02FDF10057B4A9 /* MemeEditor */,
				BFEA52AE1D02FDF10057B4A9 /* Products */,
			);
			sourceTree = "<group>";
		};
		BFEA52AE1D02FDF10057B4A9 /* Products */ = {
			isa = PBXGroup;
			children = (
				BFEA52AD1D02FDF10057B4A9 /* MemeEditor.app */,
			);
			name = Products;
			sourceTree = "<group>";
		};
		BFEA52AF1D02FDF10057B4A9 /* MemeEditor */ = {
			isa = PBXGroup;
			children = (
				BFEA52B01D02FDF10057B4A9 /* AppDelegate.swift */,
				BFEA52B21D02FDF10057B4A9 /* ViewController.swift */,
				BFA10E0A1D056D8900D8158E /* MemeStruct.swift */,
				BFEA52B41D02FDF10057B4A9 /* Main.storyboard */,
				BFEA52B71D02FDF10057B4A9 /* Assets.xcassets */,
				BFEA52B91D02FDF10057B4A9 /* LaunchScreen.storyboard */,
				BFEA52BC1D02FDF10057B4A9 /* Info.plist */,
			);
			path = MemeEditor;
			sourceTree = "<group>";
		};
/* End PBXGroup section */

/* Begin PBXNativeTarget section */
		BFEA52AC1D02FDF10057B4A9 /* MemeEditor */ = {
			isa = PBXNativeTarget;
			buildConfigurationList = BFEA52BF1D02FDF10057B4A9 /* Build configuration list for PBXNativeTarget "MemeEditor" */;
			buildPhases = (
				BFEA52A91D02FDF10057B4A9 /* Sources */,
				BFEA52AA1D02FDF10057B4A9 /* Frameworks */,
				BFEA52AB1D02FDF10057B4A9 /* Resources */,
			);
			buildRules = (
			);
			dependencies = (
			);
			name = MemeEditor;
			productName = UIImagePickerExperiment;
			productReference = BFEA52AD1D02FDF10057B4A9 /* MemeEditor.app */;
			productType = "com.apple.product-type.application";
		};
/* End PBXNativeTarget section */

/* Begin PBXProject section */
		BFEA52A51D02FDF10057B4A9 /* Project object */ = {
			isa = PBXProject;
			attributes = {
				LastSwiftUpdateCheck = 0730;
				LastUpgradeCheck = 0730;
				ORGANIZATIONNAME = Jun.Yuan;
				TargetAttributes = {
					BFEA52AC1D02FDF10057B4A9 = {
						CreatedOnToolsVersion = 7.3.1;
						DevelopmentTeam = H538546BFP;
					};
				};
			};
			buildConfigurationList = BFEA52A81D02FDF10057B4A9 /* Build configuration list for PBXProject "MemeEditor" */;
			compatibilityVersion = "Xcode 3.2";
			developmentRegion = English;
			hasScannedForEncodings = 0;
			knownRegions = (
				en,
				Base,
			);
			mainGroup = BFEA52A41D02FDF10057B4A9;
			productRefGroup = BFEA52AE1D02FDF10057B4A9 /* Products */;
			projectDirPath = "";
			projectRoot = "";
			targets = (
				BFEA52AC1D02FDF10057B4A9 /* MemeEditor */,
			);
		};
/* End PBXProject section */

/* Begin PBXResourcesBuildPhase section */
		BFEA52AB1D02FDF10057B4A9 /* Resources */ = {
			isa = PBXResourcesBuildPhase;
			buildActionMask = 2147483647;
			files = (
				BFEA52BB1D02FDF10057B4A9 /* LaunchScreen.storyboard in Resources */,
				BFEA52B81D02FDF10057B4A9 /* Assets.xcassets in Resources */,
				BFEA52B61D02FDF10057B4A9 /* Main.storyboard in Resources */,
			);
			runOnlyForDeploymentPostprocessing = 0;
		};
/* End PBXResourcesBuildPhase section */

/* Begin PBXSourcesBuildPhase section */
		BFEA52A91D02FDF10057B4A9 /* Sources */ = {
			isa = PBXSourcesBuildPhase;
			buildActionMask = 2147483647;
			files = (
				BFEA52B31D02FDF10057B4A9 /* ViewController.swift in Sources */,
				BFA10E0B1D056D8900D8158E /* MemeStruct.swift in Sources */,
				BFEA52B11D02FDF10057B4A9 /* AppDelegate.swift in Sources */,
			);
			runOnlyForDeploymentPostprocessing = 0;
		};
/* End PBXSourcesBuildPhase section */

/* Begin PBXVariantGroup section */
		BFEA52B41D02FDF10057B4A9 /* Main.storyboard */ = {
			isa = PBXVariantGroup;
			children = (
				BFEA52B51D02FDF10057B4A9 /* Base */,
			);
			name = Main.storyboard;
			sourceTree = "<group>";
		};
		BFEA52B91D02FDF10057B4A9 /* LaunchScreen.storyboard */ = {
			isa = PBXVariantGroup;
			children = (
				BFEA52BA1D02FDF10057B4A9 /* Base */,
			);
			name = LaunchScreen.storyboard;
			sourceTree = "<group>";
		};
/* End PBXVariantGroup section */

/* Begin XCBuildConfiguration section */
		BFEA52BD1D02FDF10057B4A9 /* Debug */ = {
			isa = XCBuildConfiguration;
			buildSettings = {
				ALWAYS_SEARCH_USER_PATHS = NO;
				CLANG_ANALYZER_NONNULL = YES;
				CLANG_CXX_LANGUAGE_STANDARD = "gnu++0x";
				CLANG_CXX_LIBRARY = "libc++";
				CLANG_ENABLE_MODULES = YES;
				CLANG_ENABLE_OBJC_ARC = YES;
				CLANG_WARN_BOOL_CONVERSION = YES;
				CLANG_WARN_CONSTANT_CONVERSION = YES;
				CLANG_WARN_DIRECT_OBJC_ISA_USAGE = YES_ERROR;
				CLANG_WARN_EMPTY_BODY = YES;
				CLANG_WARN_ENUM_CONVERSION = YES;
				CLANG_WARN_INT_CONVERSION = YES;
				CLANG_WARN_OBJC_ROOT_CLASS = YES_ERROR;
				CLANG_WARN_UNREACHABLE_CODE = YES;
				CLANG_WARN__DUPLICATE_METHOD_MATCH = YES;
				"CODE_SIGN_IDENTITY[sdk=iphoneos*]" = "iPhone Developer";
				COPY_PHASE_STRIP = NO;
				DEBUG_INFORMATION_FORMAT = dwarf;
				ENABLE_STRICT_OBJC_MSGSEND = YES;
				ENABLE_TESTABILITY = YES;
				GCC_C_LANGUAGE_STANDARD = gnu99;
				GCC_DYNAMIC_NO_PIC = NO;
				GCC_NO_COMMON_BLOCKS = YES;
				GCC_OPTIMIZATION_LEVEL = 0;
				GCC_PREPROCESSOR_DEFINITIONS = (
					"DEBUG=1",
					"$(inherited)",
				);
				GCC_WARN_64_TO_32_BIT_CONVERSION = YES;
				GCC_WARN_ABOUT_RETURN_TYPE = YES_ERROR;
				GCC_WARN_UNDECLARED_SELECTOR = YES;
				GCC_WARN_UNINITIALIZED_AUTOS = YES_AGGRESSIVE;
				GCC_WARN_UNUSED_FUNCTION = YES;
				GCC_WARN_UNUSED_VARIABLE = YES;
				IPHONEOS_DEPLOYMENT_TARGET = 9.3;
				MTL_ENABLE_DEBUG_INFO = YES;
				ONLY_ACTIVE_ARCH = YES;
				SDKROOT = iphoneos;
				SWIFT_OPTIMIZATION_LEVEL = "-Onone";
				TARGETED_DEVICE_FAMILY = "1,2";
			};
			name = Debug;
		};
		BFEA52BE1D02FDF10057B4A9 /* Release */ = {
			isa = XCBuildConfiguration;
			buildSettings = {
				ALWAYS_SEARCH_USER_PATHS = NO;
				CLANG_ANALYZER_NONNULL = YES;
				CLANG_CXX_LANGUAGE_STANDARD = "gnu++0x";
				CLANG_CXX_LIBRARY = "libc++";
				CLANG_ENABLE_MODULES = YES;
				CLANG_ENABLE_OBJC_ARC = YES;
				CLANG_WARN_BOOL_CONVERSION = YES;
				CLANG_WARN_CONSTANT_CONVERSION = YES;
				CLANG_WARN_DIRECT_OBJC_ISA_USAGE = YES_ERROR;
				CLANG_WARN_EMPTY_BODY = YES;
				CLANG_WARN_ENUM_CONVERSION = YES;
				CLANG_WARN_INT_CONVERSION = YES;
				CLANG_WARN_OBJC_ROOT_CLASS = YES_ERROR;
				CLANG_WARN_UNREACHABLE_CODE = YES;
				CLANG_WARN__DUPLICATE_METHOD_MATCH = YES;
				"CODE_SIGN_IDENTITY[sdk=iphoneos*]" = "iPhone Developer";
				COPY_PHASE_STRIP = NO;
				DEBUG_INFORMATION_FORMAT = "dwarf-with-dsym";
				ENABLE_NS_ASSERTIONS = NO;
				ENABLE_STRICT_OBJC_MSGSEND = YES;
				GCC_C_LANGUAGE_STANDARD = gnu99;
				GCC_NO_COMMON_BLOCKS = YES;
				GCC_WARN_64_TO_32_BIT_CONVERSION = YES;
				GCC_WARN_ABOUT_RETURN_TYPE = YES_ERROR;
				GCC_WARN_UNDECLARED_SELECTOR = YES;
				GCC_WARN_UNINITIALIZED_AUTOS = YES_AGGRESSIVE;
				GCC_WARN_UNUSED_FUNCTION = YES;
				GCC_WARN_UNUSED_VARIABLE = YES;
				IPHONEOS_DEPLOYMENT_TARGET = 9.3;
				MTL_ENABLE_DEBUG_INFO = NO;
				SDKROOT = iphoneos;
				TARGETED_DEVICE_FAMILY = "1,2";
				VALIDATE_PRODUCT = YES;
			};
			name = Release;
		};
		BFEA52C01D02FDF10057B4A9 /* Debug */ = {
			isa = XCBuildConfiguration;
			buildSettings = {
				ASSETCATALOG_COMPILER_APPICON_NAME = AppIcon;
				CODE_SIGN_IDENTITY = "iPhone Developer";
				"CODE_SIGN_IDENTITY[sdk=iphoneos*]" = "iPhone Developer";
				INFOPLIST_FILE = MemeEditor/Info.plist;
				LD_RUNPATH_SEARCH_PATHS = "$(inherited) @executable_path/Frameworks";
				PRODUCT_BUNDLE_IDENTIFIER = com.yuanjun.MemeEditor;
				PRODUCT_NAME = MemeEditor;
				PROVISIONING_PROFILE = "";
			};
			name = Debug;
		};
		BFEA52C11D02FDF10057B4A9 /* Release */ = {
			isa = XCBuildConfiguration;
			buildSettings = {
				ASSETCATALOG_COMPILER_APPICON_NAME = AppIcon;
				CODE_SIGN_IDENTITY = "iPhone Developer";
				"CODE_SIGN_IDENTITY[sdk=iphoneos*]" = "iPhone Developer";
				INFOPLIST_FILE = MemeEditor/Info.plist;
				LD_RUNPATH_SEARCH_PATHS = "$(inherited) @executable_path/Frameworks";
				PRODUCT_BUNDLE_IDENTIFIER = com.yuanjun.MemeEditor;
				PRODUCT_NAME = MemeEditor;
				PROVISIONING_PROFILE = "";
			};
			name = Release;
		};
/* End XCBuildConfiguration section */

/* Begin XCConfigurationList section */
		BFEA52A81D02FDF10057B4A9 /* Build configuration list for PBXProject "MemeEditor" */ = {
			isa = XCConfigurationList;
			buildConfigurations = (
				BFEA52BD1D02FDF10057B4A9 /* Debug */,
				BFEA52BE1D02FDF10057B4A9 /* Release */,
			);
			defaultConfigurationIsVisible = 0;
			defaultConfigurationName = Release;
		};
		BFEA52BF1D02FDF10057B4A9 /* Build configuration list for PBXNativeTarget "MemeEditor" */ = {
			isa = XCConfigurationList;
			buildConfigurations = (
				BFEA52C01D02FDF10057B4A9 /* Debug */,
				BFEA52C11D02FDF10057B4A9 /* Release */,
			);
			defaultConfigurationIsVisible = 0;
			defaultConfigurationName = Release;
		};
/* End XCConfigurationList section */
	};
	rootObject = BFEA52A51D02FDF10057B4A9 /* Project object */;
}
